
Microsoft Visual Studio Solution File, Format Version 12.00
# Visual Studio Version 16
VisualStudioVersion = 16.0.31112.23
MinimumVisualStudioVersion = 10.0.40219.1
Project("{FAE04EC0-301F-11D3-BF4B-00C04F79EFBC}") = "HomeAppliancesStore", "HomeAppliancesStore\HomeAppliancesStore.csproj", "{903B5272-E16B-4254-BE63-2B2E46EA0516}"
EndProject
Global
	GlobalSection(SolutionConfigurationPlatforms) = preSolution
		Debug|Any CPU = Debug|Any CPU
		Release|Any CPU = Release|Any CPU
	EndGlobalSection
	GlobalSection(ProjectConfigurationPlatforms) = postSolution
		{903B5272-E16B-4254-BE63-2B2E46EA0516}.Debug|Any CPU.ActiveCfg = Debug|Any CPU
		{903B5272-E16B-4254-BE63-2B2E46EA0516}.Debug|Any CPU.Build.0 = Debug|Any CPU
		{903B5272-E16B-4254-BE63-2B2E46EA0516}.Release|Any CPU.ActiveCfg = Release|Any CPU
		{903B5272-E16B-4254-BE63-2B2E46EA0516}.Release|Any CPU.Build.0 = Release|Any CPU
	EndGlobalSection
	GlobalSection(SolutionProperties) = preSolution
		HideSolutionNode = FALSE
	EndGlobalSection
	GlobalSection(ExtensibilityGlobals) = postSolution
		SolutionGuid = {8E0224DB-8C42-4EC0-944D-BA423FB6AE4C}
	EndGlobalSection
EndGlobal
